
Microsoft Visual Studio Solution File, Format Version 12.00
# Visual Studio Version 16
VisualStudioVersion = 16.0.30011.22
MinimumVisualStudioVersion = 10.0.40219.1
Project("{FAE04EC0-301F-11D3-BF4B-00C04F79EFBC}") = "Volunteerio.Android", "Volunteerio.Android\Volunteerio.Android.csproj", "{CD3A5D47-322D-4CDF-875F-35FE7C660BE7}"
EndProject
Project("{FAE04EC0-301F-11D3-BF4B-00C04F79EFBC}") = "Volunteerio.iOS", "Volunteerio.iOS\Volunteerio.iOS.csproj", "{B68BB7A5-8157-4433-93C3-728437C43BEB}"
EndProject
Project("{9A19103F-16F7-4668-BE54-9A1E7A4F7556}") = "Volunteerio", "Volunteerio\Volunteerio.csproj", "{0EF5797A-0361-49DC-8641-9E84ADC1027B}"
EndProject
Project("{FAE04EC0-301F-11D3-BF4B-00C04F79EFBC}") = "Volunteerio.UWP", "Volunteerio.UWP\Volunteerio.UWP.csproj", "{3D7E8343-68C6-4E66-843A-8676A03DEC36}"
EndProject
Global
	GlobalSection(SolutionConfigurationPlatforms) = preSolution
		Debug|Any CPU = Debug|Any CPU
		Debug|ARM = Debug|ARM
		Debug|iPhone = Debug|iPhone
		Debug|iPhoneSimulator = Debug|iPhoneSimulator
		Debug|x64 = Debug|x64
		Debug|x86 = Debug|x86
		Release|Any CPU = Release|Any CPU
		Release|ARM = Release|ARM
		Release|iPhone = Release|iPhone
		Release|iPhoneSimulator = Release|iPhoneSimulator
		Release|x64 = Release|x64
		Release|x86 = Release|x86
	EndGlobalSection
	GlobalSection(ProjectConfigurationPlatforms) = postSolution
		{CD3A5D47-322D-4CDF-875F-35FE7C660BE7}.Debug|Any CPU.ActiveCfg = Debug|Any CPU
		{CD3A5D47-322D-4CDF-875F-35FE7C660BE7}.Debug|Any CPU.Build.0 = Debug|Any CPU
		{CD3A5D47-322D-4CDF-875F-35FE7C660BE7}.Debug|Any CPU.Deploy.0 = Debug|Any CPU
		{CD3A5D47-322D-4CDF-875F-35FE7C660BE7}.Debug|ARM.ActiveCfg = Debug|Any CPU
		{CD3A5D47-322D-4CDF-875F-35FE7C660BE7}.Debug|ARM.Build.0 = Debug|Any CPU
		{CD3A5D47-322D-4CDF-875F-35FE7C660BE7}.Debug|ARM.Deploy.0 = Debug|Any CPU
		{CD3A5D47-322D-4CDF-875F-35FE7C660BE7}.Debug|iPhone.ActiveCfg = Debug|Any CPU
		{CD3A5D47-322D-4CDF-875F-35FE7C660BE7}.Debug|iPhone.Build.0 = Debug|Any CPU
		{CD3A5D47-322D-4CDF-875F-35FE7C660BE7}.Debug|iPhone.Deploy.0 = Debug|Any CPU
		{CD3A5D47-322D-4CDF-875F-35FE7C660BE7}.Debug|iPhoneSimulator.ActiveCfg = Debug|Any CPU
		{CD3A5D47-322D-4CDF-875F-35FE7C660BE7}.Debug|iPhoneSimulator.Build.0 = Debug|Any CPU
		{CD3A5D47-322D-4CDF-875F-35FE7C660BE7}.Debug|iPhoneSimulator.Deploy.0 = Debug|Any CPU
		{CD3A5D47-322D-4CDF-875F-35FE7C660BE7}.Debug|x64.ActiveCfg = Debug|Any CPU
		{CD3A5D47-322D-4CDF-875F-35FE7C660BE7}.Debug|x64.Build.0 = Debug|Any CPU
		{CD3A5D47-322D-4CDF-875F-35FE7C660BE7}.Debug|x64.Deploy.0 = Debug|Any CPU
		{CD3A5D47-322D-4CDF-875F-35FE7C660BE7}.Debug|x86.ActiveCfg = Debug|Any CPU
		{CD3A5D47-322D-4CDF-875F-35FE7C660BE7}.Debug|x86.Build.0 = Debug|Any CPU
		{CD3A5D47-322D-4CDF-875F-35FE7C660BE7}.Debug|x86.Deploy.0 = Debug|Any CPU
		{CD3A5D47-322D-4CDF-875F-35FE7C660BE7}.Release|Any CPU.ActiveCfg = Release|Any CPU
		{CD3A5D47-322D-4CDF-875F-35FE7C660BE7}.Release|Any CPU.Build.0 = Release|Any CPU
		{CD3A5D47-322D-4CDF-875F-35FE7C660BE7}.Release|Any CPU.Deploy.0 = Release|Any CPU
		{CD3A5D47-322D-4CDF-875F-35FE7C660BE7}.Release|ARM.ActiveCfg = Release|Any CPU
		{CD3A5D47-322D-4CDF-875F-35FE7C660BE7}.Release|ARM.Build.0 = Release|Any CPU
		{CD3A5D47-322D-4CDF-875F-35FE7C660BE7}.Release|ARM.Deploy.0 = Release|Any CPU
		{CD3A5D47-322D-4CDF-875F-35FE7C660BE7}.Release|iPhone.ActiveCfg = Release|Any CPU
		{CD3A5D47-322D-4CDF-875F-35FE7C660BE7}.Release|iPhone.Build.0 = Release|Any CPU
		{CD3A5D47-322D-4CDF-875F-35FE7C660BE7}.Release|iPhone.Deploy.0 = Release|Any CPU
		{CD3A5D47-322D-4CDF-875F-35FE7C660BE7}.Release|iPhoneSimulator.ActiveCfg = Release|Any CPU
		{CD3A5D47-322D-4CDF-875F-35FE7C660BE7}.Release|iPhoneSimulator.Build.0 = Release|Any CPU
		{CD3A5D47-322D-4CDF-875F-35FE7C660BE7}.Release|iPhoneSimulator.Deploy.0 = Release|Any CPU
		{CD3A5D47-322D-4CDF-875F-35FE7C660BE7}.Release|x64.ActiveCfg = Release|Any CPU
		{CD3A5D47-322D-4CDF-875F-35FE7C660BE7}.Release|x64.Build.0 = Release|Any CPU
		{CD3A5D47-322D-4CDF-875F-35FE7C660BE7}.Release|x64.Deploy.0 = Release|Any CPU
		{CD3A5D47-322D-4CDF-875F-35FE7C660BE7}.Release|x86.ActiveCfg = Release|Any CPU
		{CD3A5D47-322D-4CDF-875F-35FE7C660BE7}.Release|x86.Build.0 = Release|Any CPU
		{CD3A5D47-322D-4CDF-875F-35FE7C660BE7}.Release|x86.Deploy.0 = Release|Any CPU
		{B68BB7A5-8157-4433-93C3-728437C43BEB}.Debug|Any CPU.ActiveCfg = Debug|iPhone
		{B68BB7A5-8157-4433-93C3-728437C43BEB}.Debug|Any CPU.Build.0 = Debug|iPhone
		{B68BB7A5-8157-4433-93C3-728437C43BEB}.Debug|Any CPU.Deploy.0 = Debug|iPhone
		{B68BB7A5-8157-4433-93C3-728437C43BEB}.Debug|ARM.ActiveCfg = Debug|iPhone
		{B68BB7A5-8157-4433-93C3-728437C43BEB}.Debug|ARM.Build.0 = Debug|iPhone
		{B68BB7A5-8157-4433-93C3-728437C43BEB}.Debug|ARM.Deploy.0 = Debug|iPhone
		{B68BB7A5-8157-4433-93C3-728437C43BEB}.Debug|iPhone.ActiveCfg = Debug|iPhone
		{B68BB7A5-8157-4433-93C3-728437C43BEB}.Debug|iPhone.Build.0 = Debug|iPhone
		{B68BB7A5-8157-4433-93C3-728437C43BEB}.Debug|iPhone.Deploy.0 = Debug|iPhone
		{B68BB7A5-8157-4433-93C3-728437C43BEB}.Debug|iPhoneSimulator.ActiveCfg = Debug|iPhoneSimulator
		{B68BB7A5-8157-4433-93C3-728437C43BEB}.Debug|iPhoneSimulator.Build.0 = Debug|iPhoneSimulator
		{B68BB7A5-8157-4433-93C3-728437C43BEB}.Debug|iPhoneSimulator.Deploy.0 = Debug|iPhoneSimulator
		{B68BB7A5-8157-4433-93C3-728437C43BEB}.Debug|x64.ActiveCfg = Debug|iPhone
		{B68BB7A5-8157-4433-93C3-728437C43BEB}.Debug|x64.Build.0 = Debug|iPhone
		{B68BB7A5-8157-4433-93C3-728437C43BEB}.Debug|x64.Deploy.0 = Debug|iPhone
		{B68BB7A5-8157-4433-93C3-728437C43BEB}.Debug|x86.ActiveCfg = Debug|iPhone
		{B68BB7A5-8157-4433-93C3-728437C43BEB}.Debug|x86.Build.0 = Debug|iPhone
		{B68BB7A5-8157-4433-93C3-728437C43BEB}.Debug|x86.Deploy.0 = Debug|iPhone
		{B68BB7A5-8157-4433-93C3-728437C43BEB}.Release|Any CPU.ActiveCfg = Release|iPhone
		{B68BB7A5-8157-4433-93C3-728437C43BEB}.Release|Any CPU.Build.0 = Release|iPhone
		{B68BB7A5-8157-4433-93C3-728437C43BEB}.Release|Any CPU.Deploy.0 = Release|iPhone
		{B68BB7A5-8157-4433-93C3-728437C43BEB}.Release|ARM.ActiveCfg = Release|iPhone
		{B68BB7A5-8157-4433-93C3-728437C43BEB}.Release|ARM.Build.0 = Release|iPhone
		{B68BB7A5-8157-4433-93C3-728437C43BEB}.Release|ARM.Deploy.0 = Release|iPhone
		{B68BB7A5-8157-4433-93C3-728437C43BEB}.Release|iPhone.ActiveCfg = Release|iPhone
		{B68BB7A5-8157-4433-93C3-728437C43BEB}.Release|iPhone.Build.0 = Release|iPhone
		{B68BB7A5-8157-4433-93C3-728437C43BEB}.Release|iPhone.Deploy.0 = Release|iPhone
		{B68BB7A5-8157-4433-93C3-728437C43BEB}.Release|iPhoneSimulator.ActiveCfg = Release|iPhoneSimulator
		{B68BB7A5-8157-4433-93C3-728437C43BEB}.Release|iPhoneSimulator.Build.0 = Release|iPhoneSimulator
		{B68BB7A5-8157-4433-93C3-728437C43BEB}.Release|iPhoneSimulator.Deploy.0 = Release|iPhoneSimulator
		{B68BB7A5-8157-4433-93C3-728437C43BEB}.Release|x64.ActiveCfg = Release|iPhone
		{B68BB7A5-8157-4433-93C3-728437C43BEB}.Release|x64.Build.0 = Release|iPhone
		{B68BB7A5-8157-4433-93C3-728437C43BEB}.Release|x64.Deploy.0 = Release|iPhone
		{B68BB7A5-8157-4433-93C3-728437C43BEB}.Release|x86.ActiveCfg = Release|iPhone
		{B68BB7A5-8157-4433-93C3-728437C43BEB}.Release|x86.Build.0 = Release|iPhone
		{B68BB7A5-8157-4433-93C3-728437C43BEB}.Release|x86.Deploy.0 = Release|iPhone
		{0EF5797A-0361-49DC-8641-9E84ADC1027B}.Debug|Any CPU.ActiveCfg = Debug|Any CPU
		{0EF5797A-0361-49DC-8641-9E84ADC1027B}.Debug|Any CPU.Build.0 = Debug|Any CPU
		{0EF5797A-0361-49DC-8641-9E84ADC1027B}.Debug|Any CPU.Deploy.0 = Debug|Any CPU
		{0EF5797A-0361-49DC-8641-9E84ADC1027B}.Debug|ARM.ActiveCfg = Debug|Any CPU
		{0EF5797A-0361-49DC-8641-9E84ADC1027B}.Debug|ARM.Build.0 = Debug|Any CPU
		{0EF5797A-0361-49DC-8641-9E84ADC1027B}.Debug|ARM.Deploy.0 = Debug|Any CPU
		{0EF5797A-0361-49DC-8641-9E84ADC1027B}.Debug|iPhone.ActiveCfg = Debug|Any CPU
		{0EF5797A-0361-49DC-8641-9E84ADC1027B}.Debug|iPhone.Build.0 = Debug|Any CPU
		{0EF5797A-0361-49DC-8641-9E84ADC1027B}.Debug|iPhone.Deploy.0 = Debug|Any CPU
		{0EF5797A-0361-49DC-8641-9E84ADC1027B}.Debug|iPhoneSimulator.ActiveCfg = Debug|Any CPU
		{0EF5797A-0361-49DC-8641-9E84ADC1027B}.Debug|iPhoneSimulator.Build.0 = Debug|Any CPU
		{0EF5797A-0361-49DC-8641-9E84ADC1027B}.Debug|iPhoneSimulator.Deploy.0 = Debug|Any CPU
		{0EF5797A-0361-49DC-8641-9E84ADC1027B}.Debug|x64.ActiveCfg = Debug|Any CPU
		{0EF5797A-0361-49DC-8641-9E84ADC1027B}.Debug|x64.Build.0 = Debug|Any CPU
		{0EF5797A-0361-49DC-8641-9E84ADC1027B}.Debug|x64.Deploy.0 = Debug|Any CPU
		{0EF5797A-0361-49DC-8641-9E84ADC1027B}.Debug|x86.ActiveCfg = Debug|Any CPU
		{0EF5797A-0361-49DC-8641-9E84ADC1027B}.Debug|x86.Build.0 = Debug|Any CPU
		{0EF5797A-0361-49DC-8641-9E84ADC1027B}.Debug|x86.Deploy.0 = Debug|Any CPU
		{0EF5797A-0361-49DC-8641-9E84ADC1027B}.Release|Any CPU.ActiveCfg = Release|Any CPU
		{0EF5797A-0361-49DC-8641-9E84ADC1027B}.Release|Any CPU.Build.0 = Release|Any CPU
		{0EF5797A-0361-49DC-8641-9E84ADC1027B}.Release|Any CPU.Deploy.0 = Release|Any CPU
		{0EF5797A-0361-49DC-8641-9E84ADC1027B}.Release|ARM.ActiveCfg = Release|Any CPU
		{0EF5797A-0361-49DC-8641-9E84ADC1027B}.Release|ARM.Build.0 = Release|Any CPU
		{0EF5797A-0361-49DC-8641-9E84ADC1027B}.Release|ARM.Deploy.0 = Release|Any CPU
		{0EF5797A-0361-49DC-8641-9E84ADC1027B}.Release|iPhone.ActiveCfg = Release|Any CPU
		{0EF5797A-0361-49DC-8641-9E84ADC1027B}.Release|iPhone.Build.0 = Release|Any CPU
		{0EF5797A-0361-49DC-8641-9E84ADC1027B}.Release|iPhone.Deploy.0 = Release|Any CPU
		{0EF5797A-0361-49DC-8641-9E84ADC1027B}.Release|iPhoneSimulator.ActiveCfg = Release|Any CPU
		{0EF5797A-0361-49DC-8641-9E84ADC1027B}.Release|iPhoneSimulator.Build.0 = Release|Any CPU
		{0EF5797A-0361-49DC-8641-9E84ADC1027B}.Release|iPhoneSimulator.Deploy.0 = Release|Any CPU
		{0EF5797A-0361-49DC-8641-9E84ADC1027B}.Release|x64.ActiveCfg = Release|Any CPU
		{0EF5797A-0361-49DC-8641-9E84ADC1027B}.Release|x64.Build.0 = Release|Any CPU
		{0EF5797A-0361-49DC-8641-9E84ADC1027B}.Release|x64.Deploy.0 = Release|Any CPU
		{0EF5797A-0361-49DC-8641-9E84ADC1027B}.Release|x86.ActiveCfg = Release|Any CPU
		{0EF5797A-0361-49DC-8641-9E84ADC1027B}.Release|x86.Build.0 = Release|Any CPU
		{0EF5797A-0361-49DC-8641-9E84ADC1027B}.Release|x86.Deploy.0 = Release|Any CPU
		{3D7E8343-68C6-4E66-843A-8676A03DEC36}.Debug|Any CPU.ActiveCfg = Release|x64
		{3D7E8343-68C6-4E66-843A-8676A03DEC36}.Debug|Any CPU.Build.0 = Release|x64
		{3D7E8343-68C6-4E66-843A-8676A03DEC36}.Debug|Any CPU.Deploy.0 = Release|x64
		{3D7E8343-68C6-4E66-843A-8676A03DEC36}.Debug|ARM.ActiveCfg = Debug|ARM
		{3D7E8343-68C6-4E66-843A-8676A03DEC36}.Debug|ARM.Build.0 = Debug|ARM
		{3D7E8343-68C6-4E66-843A-8676A03DEC36}.Debug|ARM.Deploy.0 = Debug|ARM
		{3D7E8343-68C6-4E66-843A-8676A03DEC36}.Debug|iPhone.ActiveCfg = Debug|x86
		{3D7E8343-68C6-4E66-843A-8676A03DEC36}.Debug|iPhoneSimulator.ActiveCfg = Debug|x86
		{3D7E8343-68C6-4E66-843A-8676A03DEC36}.Debug|x64.ActiveCfg = Debug|x64
		{3D7E8343-68C6-4E66-843A-8676A03DEC36}.Debug|x64.Build.0 = Debug|x64
		{3D7E8343-68C6-4E66-843A-8676A03DEC36}.Debug|x64.Deploy.0 = Debug|x64
		{3D7E8343-68C6-4E66-843A-8676A03DEC36}.Debug|x86.ActiveCfg = Debug|x86
		{3D7E8343-68C6-4E66-843A-8676A03DEC36}.Debug|x86.Build.0 = Debug|x86
		{3D7E8343-68C6-4E66-843A-8676A03DEC36}.Debug|x86.Deploy.0 = Debug|x86
		{3D7E8343-68C6-4E66-843A-8676A03DEC36}.Release|Any CPU.ActiveCfg = Release|x86
		{3D7E8343-68C6-4E66-843A-8676A03DEC36}.Release|ARM.ActiveCfg = Release|ARM
		{3D7E8343-68C6-4E66-843A-8676A03DEC36}.Release|ARM.Build.0 = Release|ARM
		{3D7E8343-68C6-4E66-843A-8676A03DEC36}.Release|ARM.Deploy.0 = Release|ARM
		{3D7E8343-68C6-4E66-843A-8676A03DEC36}.Release|iPhone.ActiveCfg = Release|x86
		{3D7E8343-68C6-4E66-843A-8676A03DEC36}.Release|iPhoneSimulator.ActiveCfg = Release|x86
		{3D7E8343-68C6-4E66-843A-8676A03DEC36}.Release|x64.ActiveCfg = Release|x64
		{3D7E8343-68C6-4E66-843A-8676A03DEC36}.Release|x64.Build.0 = Release|x64
		{3D7E8343-68C6-4E66-843A-8676A03DEC36}.Release|x64.Deploy.0 = Release|x64
		{3D7E8343-68C6-4E66-843A-8676A03DEC36}.Release|x86.ActiveCfg = Release|x86
		{3D7E8343-68C6-4E66-843A-8676A03DEC36}.Release|x86.Build.0 = Release|x86
		{3D7E8343-68C6-4E66-843A-8676A03DEC36}.Release|x86.Deploy.0 = Release|x86
	EndGlobalSection
	GlobalSection(SolutionProperties) = preSolution
		HideSolutionNode = FALSE
	EndGlobalSection
	GlobalSection(ExtensibilityGlobals) = postSolution
		SolutionGuid = {F5B8D375-A0DE-44A6-A873-C220BA2A0E3F}
	EndGlobalSection
EndGlobal
